// !$*UTF8*$!
{
	archiveVersion = 1;
	classes = {
	};
	objectVersion = 51;
	objects = {

/* Begin PBXBuildFile section */
		0A1A9AE0E15765BBF06EC23D /* Pods_foodie.framework in Frameworks */ = {isa = PBXBuildFile; fileRef = C59A774A72161F83D8223F15 /* Pods_foodie.framework */; };
		6317C05A2641757300DA0A9F /* ModelForMyRecipe.xcdatamodeld in Sources */ = {isa = PBXBuildFile; fileRef = 6317C0582641757300DA0A9F /* ModelForMyRecipe.xcdatamodeld */; };
		63181ACE264C1239007E189A /* RecipeDetailVC.swift in Sources */ = {isa = PBXBuildFile; fileRef = 63181ACD264C1239007E189A /* RecipeDetailVC.swift */; };
		633AC06B262F4250007632D9 /* GoogleService-Info.plist in Resources */ = {isa = PBXBuildFile; fileRef = 633AC06A262F4250007632D9 /* GoogleService-Info.plist */; };
		635A377426442A01009F0A3E /* Changeable.swift in Sources */ = {isa = PBXBuildFile; fileRef = 635A377326442A01009F0A3E /* Changeable.swift */; };
		6375E171264048C500F7967D /* DetailRecipeViewController.swift in Sources */ = {isa = PBXBuildFile; fileRef = 6375E170264048C500F7967D /* DetailRecipeViewController.swift */; };
		6375E17426404E6400F7967D /* EditRecipeVC.swift in Sources */ = {isa = PBXBuildFile; fileRef = 6375E17326404E6400F7967D /* EditRecipeVC.swift */; };
		637ED8DC262F26B80060562F /* AppDelegate.swift in Sources */ = {isa = PBXBuildFile; fileRef = 637ED8DB262F26B80060562F /* AppDelegate.swift */; };
		637ED8DE262F26B80060562F /* SceneDelegate.swift in Sources */ = {isa = PBXBuildFile; fileRef = 637ED8DD262F26B80060562F /* SceneDelegate.swift */; };
		637ED8E3262F26B80060562F /* Main.storyboard in Resources */ = {isa = PBXBuildFile; fileRef = 637ED8E1262F26B80060562F /* Main.storyboard */; };
		637ED8E5262F26B90060562F /* Assets.xcassets in Resources */ = {isa = PBXBuildFile; fileRef = 637ED8E4262F26B90060562F /* Assets.xcassets */; };
		637ED8E8262F26B90060562F /* LaunchScreen.storyboard in Resources */ = {isa = PBXBuildFile; fileRef = 637ED8E6262F26B90060562F /* LaunchScreen.storyboard */; };
		637ED8F2262F270C0060562F /* LogInViewController.swift in Sources */ = {isa = PBXBuildFile; fileRef = 637ED8F1262F270C0060562F /* LogInViewController.swift */; };
		637ED8F5262F27160060562F /* RegisterViewController.swift in Sources */ = {isa = PBXBuildFile; fileRef = 637ED8F4262F27160060562F /* RegisterViewController.swift */; };
		63901C7D26429241004C415C /* Addable.swift in Sources */ = {isa = PBXBuildFile; fileRef = 63901C7C26429241004C415C /* Addable.swift */; };
		639708DC264E50670023432C /* Localizable.strings in Resources */ = {isa = PBXBuildFile; fileRef = 639708DE264E50670023432C /* Localizable.strings */; };
		639708E1264E53270023432C /* SettingsViewController.swift in Sources */ = {isa = PBXBuildFile; fileRef = 639708E0264E53270023432C /* SettingsViewController.swift */; };
		63BC29212646ABD300878D69 /* RecipesCustomCell.swift in Sources */ = {isa = PBXBuildFile; fileRef = 63BC29202646ABD300878D69 /* RecipesCustomCell.swift */; };
		63C154272631BCF900FEE90D /* Recipe.swift in Sources */ = {isa = PBXBuildFile; fileRef = 63C154262631BCF900FEE90D /* Recipe.swift */; };
		63FB2588262F5D2700366C9E /* UserInfoViewController.swift in Sources */ = {isa = PBXBuildFile; fileRef = 63FB2587262F5D2700366C9E /* UserInfoViewController.swift */; };
		63FB258B262F5D4C00366C9E /* FavoritesViewController.swift in Sources */ = {isa = PBXBuildFile; fileRef = 63FB258A262F5D4C00366C9E /* FavoritesViewController.swift */; };
		63FB258E262F5D5A00366C9E /* RecipesViewController.swift in Sources */ = {isa = PBXBuildFile; fileRef = 63FB258D262F5D5A00366C9E /* RecipesViewController.swift */; };
		E5217D712641175A006E32DA /* AddRecipeVC.swift in Sources */ = {isa = PBXBuildFile; fileRef = E5217D702641175A006E32DA /* AddRecipeVC.swift */; };
		E52818FD2636F5E000D935D6 /* LaunchScreenVC.swift in Sources */ = {isa = PBXBuildFile; fileRef = E52818FC2636F5E000D935D6 /* LaunchScreenVC.swift */; };
		E52A463C263ADBF5004F0B49 /* Editable.swift in Sources */ = {isa = PBXBuildFile; fileRef = E52A463B263ADBF5004F0B49 /* Editable.swift */; };
		E52A463F263ADC45004F0B49 /* EditProfileVC.swift in Sources */ = {isa = PBXBuildFile; fileRef = E52A463E263ADC45004F0B49 /* EditProfileVC.swift */; };
		E549139926442E360071D2D8 /* TabbarVC.swift in Sources */ = {isa = PBXBuildFile; fileRef = E549139826442E360071D2D8 /* TabbarVC.swift */; };
		E555E7792645315C000C6C54 /* AddRecipeTempVC.swift in Sources */ = {isa = PBXBuildFile; fileRef = E555E7782645315C000C6C54 /* AddRecipeTempVC.swift */; };
		E5B4FB582632B554008E55A5 /* ProfileRecipeCell.swift in Sources */ = {isa = PBXBuildFile; fileRef = E5B4FB572632B554008E55A5 /* ProfileRecipeCell.swift */; };
/* End PBXBuildFile section */

/* Begin PBXFileReference section */
		6317C0592641757300DA0A9F /* ModelForMyRecipe.xcdatamodel */ = {isa = PBXFileReference; lastKnownFileType = wrapper.xcdatamodel; path = ModelForMyRecipe.xcdatamodel; sourceTree = "<group>"; };
		63181ACD264C1239007E189A /* RecipeDetailVC.swift */ = {isa = PBXFileReference; fileEncoding = 4; lastKnownFileType = sourcecode.swift; path = RecipeDetailVC.swift; sourceTree = "<group>"; };
		633AC06A262F4250007632D9 /* GoogleService-Info.plist */ = {isa = PBXFileReference; fileEncoding = 4; lastKnownFileType = text.plist.xml; path = "GoogleService-Info.plist"; sourceTree = "<group>"; };
		635A377326442A01009F0A3E /* Changeable.swift */ = {isa = PBXFileReference; lastKnownFileType = sourcecode.swift; path = Changeable.swift; sourceTree = "<group>"; };
		6375E170264048C500F7967D /* DetailRecipeViewController.swift */ = {isa = PBXFileReference; lastKnownFileType = sourcecode.swift; path = DetailRecipeViewController.swift; sourceTree = "<group>"; };
		6375E17326404E6400F7967D /* EditRecipeVC.swift */ = {isa = PBXFileReference; lastKnownFileType = sourcecode.swift; path = EditRecipeVC.swift; sourceTree = "<group>"; };
		637ED8D8262F26B80060562F /* foodie.app */ = {isa = PBXFileReference; explicitFileType = wrapper.application; includeInIndex = 0; path = foodie.app; sourceTree = BUILT_PRODUCTS_DIR; };
		637ED8DB262F26B80060562F /* AppDelegate.swift */ = {isa = PBXFileReference; lastKnownFileType = sourcecode.swift; path = AppDelegate.swift; sourceTree = "<group>"; };
		637ED8DD262F26B80060562F /* SceneDelegate.swift */ = {isa = PBXFileReference; lastKnownFileType = sourcecode.swift; path = SceneDelegate.swift; sourceTree = "<group>"; };
		637ED8E2262F26B80060562F /* Base */ = {isa = PBXFileReference; lastKnownFileType = file.storyboard; name = Base; path = Base.lproj/Main.storyboard; sourceTree = "<group>"; };
		637ED8E4262F26B90060562F /* Assets.xcassets */ = {isa = PBXFileReference; lastKnownFileType = folder.assetcatalog; path = Assets.xcassets; sourceTree = "<group>"; };
		637ED8E7262F26B90060562F /* Base */ = {isa = PBXFileReference; lastKnownFileType = file.storyboard; name = Base; path = Base.lproj/LaunchScreen.storyboard; sourceTree = "<group>"; };
		637ED8E9262F26B90060562F /* Info.plist */ = {isa = PBXFileReference; lastKnownFileType = text.plist.xml; path = Info.plist; sourceTree = "<group>"; };
		637ED8F1262F270C0060562F /* LogInViewController.swift */ = {isa = PBXFileReference; lastKnownFileType = sourcecode.swift; path = LogInViewController.swift; sourceTree = "<group>"; };
		637ED8F4262F27160060562F /* RegisterViewController.swift */ = {isa = PBXFileReference; lastKnownFileType = sourcecode.swift; path = RegisterViewController.swift; sourceTree = "<group>"; };
		63901C7C26429241004C415C /* Addable.swift */ = {isa = PBXFileReference; lastKnownFileType = sourcecode.swift; path = Addable.swift; sourceTree = "<group>"; };
		639708DD264E50670023432C /* en */ = {isa = PBXFileReference; lastKnownFileType = text.plist.strings; name = en; path = en.lproj/Localizable.strings; sourceTree = "<group>"; };
		639708DF264E518E0023432C /* kk */ = {isa = PBXFileReference; lastKnownFileType = text.plist.strings; name = kk; path = kk.lproj/Localizable.strings; sourceTree = "<group>"; };
		639708E0264E53270023432C /* SettingsViewController.swift */ = {isa = PBXFileReference; lastKnownFileType = sourcecode.swift; path = SettingsViewController.swift; sourceTree = "<group>"; };
		63BC29202646ABD300878D69 /* RecipesCustomCell.swift */ = {isa = PBXFileReference; lastKnownFileType = sourcecode.swift; path = RecipesCustomCell.swift; sourceTree = "<group>"; };
		63C154262631BCF900FEE90D /* Recipe.swift */ = {isa = PBXFileReference; lastKnownFileType = sourcecode.swift; path = Recipe.swift; sourceTree = "<group>"; };
		63FB2587262F5D2700366C9E /* UserInfoViewController.swift */ = {isa = PBXFileReference; lastKnownFileType = sourcecode.swift; path = UserInfoViewController.swift; sourceTree = "<group>"; };
		63FB258A262F5D4C00366C9E /* FavoritesViewController.swift */ = {isa = PBXFileReference; lastKnownFileType = sourcecode.swift; path = FavoritesViewController.swift; sourceTree = "<group>"; };
		63FB258D262F5D5A00366C9E /* RecipesViewController.swift */ = {isa = PBXFileReference; lastKnownFileType = sourcecode.swift; path = RecipesViewController.swift; sourceTree = "<group>"; };
		B679B1CFBAD07D063428B534 /* Pods-foodie.release.xcconfig */ = {isa = PBXFileReference; includeInIndex = 1; lastKnownFileType = text.xcconfig; name = "Pods-foodie.release.xcconfig"; path = "Target Support Files/Pods-foodie/Pods-foodie.release.xcconfig"; sourceTree = "<group>"; };
		C59A774A72161F83D8223F15 /* Pods_foodie.framework */ = {isa = PBXFileReference; explicitFileType = wrapper.framework; includeInIndex = 0; path = Pods_foodie.framework; sourceTree = BUILT_PRODUCTS_DIR; };
		E5217D702641175A006E32DA /* AddRecipeVC.swift */ = {isa = PBXFileReference; lastKnownFileType = sourcecode.swift; path = AddRecipeVC.swift; sourceTree = "<group>"; };
		E52818FC2636F5E000D935D6 /* LaunchScreenVC.swift */ = {isa = PBXFileReference; lastKnownFileType = sourcecode.swift; path = LaunchScreenVC.swift; sourceTree = "<group>"; };
		E52A463B263ADBF5004F0B49 /* Editable.swift */ = {isa = PBXFileReference; lastKnownFileType = sourcecode.swift; path = Editable.swift; sourceTree = "<group>"; };
		E52A463E263ADC45004F0B49 /* EditProfileVC.swift */ = {isa = PBXFileReference; lastKnownFileType = sourcecode.swift; path = EditProfileVC.swift; sourceTree = "<group>"; };
		E549139826442E360071D2D8 /* TabbarVC.swift */ = {isa = PBXFileReference; lastKnownFileType = sourcecode.swift; path = TabbarVC.swift; sourceTree = "<group>"; };
		E555E7782645315C000C6C54 /* AddRecipeTempVC.swift */ = {isa = PBXFileReference; lastKnownFileType = sourcecode.swift; path = AddRecipeTempVC.swift; sourceTree = "<group>"; };
		E5B4FB572632B554008E55A5 /* ProfileRecipeCell.swift */ = {isa = PBXFileReference; lastKnownFileType = sourcecode.swift; path = ProfileRecipeCell.swift; sourceTree = "<group>"; };
		FB0CAA0CE66875721BF8C2A9 /* Pods-foodie.debug.xcconfig */ = {isa = PBXFileReference; includeInIndex = 1; lastKnownFileType = text.xcconfig; name = "Pods-foodie.debug.xcconfig"; path = "Target Support Files/Pods-foodie/Pods-foodie.debug.xcconfig"; sourceTree = "<group>"; };
/* End PBXFileReference section */

/* Begin PBXFrameworksBuildPhase section */
		637ED8D5262F26B80060562F /* Frameworks */ = {
			isa = PBXFrameworksBuildPhase;
			buildActionMask = 2147483647;
			files = (
				0A1A9AE0E15765BBF06EC23D /* Pods_foodie.framework in Frameworks */,
			);
			runOnlyForDeploymentPostprocessing = 0;
		};
/* End PBXFrameworksBuildPhase section */

/* Begin PBXGroup section */
		61499AEC13C9869945801F37 /* Pods */ = {
			isa = PBXGroup;
			children = (
				FB0CAA0CE66875721BF8C2A9 /* Pods-foodie.debug.xcconfig */,
				B679B1CFBAD07D063428B534 /* Pods-foodie.release.xcconfig */,
			);
			path = Pods;
			sourceTree = "<group>";
		};
		6375E16326403CC600F7967D /* User */ = {
			isa = PBXGroup;
			children = (
				E52A463E263ADC45004F0B49 /* EditProfileVC.swift */,
				6375E17326404E6400F7967D /* EditRecipeVC.swift */,
				E5B4FB572632B554008E55A5 /* ProfileRecipeCell.swift */,
				63FB2587262F5D2700366C9E /* UserInfoViewController.swift */,
				6375E170264048C500F7967D /* DetailRecipeViewController.swift */,
				E5217D702641175A006E32DA /* AddRecipeVC.swift */,
			);
			path = User;
			sourceTree = "<group>";
		};
		6375E16426403CE400F7967D /* Recipes */ = {
			isa = PBXGroup;
			children = (
				63FB258D262F5D5A00366C9E /* RecipesViewController.swift */,
				63BC29202646ABD300878D69 /* RecipesCustomCell.swift */,
			);
			path = Recipes;
			sourceTree = "<group>";
		};
		6375E16526403CE900F7967D /* Favourites */ = {
			isa = PBXGroup;
			children = (
				63FB258A262F5D4C00366C9E /* FavoritesViewController.swift */,
			);
			path = Favourites;
			sourceTree = "<group>";
		};
		6375E16626403D2A00F7967D /* Models */ = {
			isa = PBXGroup;
			children = (
				63C154262631BCF900FEE90D /* Recipe.swift */,
			);
			path = Models;
			sourceTree = "<group>";
		};
		6375E16726403D3700F7967D /* Protocols */ = {
			isa = PBXGroup;
			children = (
				E52A463B263ADBF5004F0B49 /* Editable.swift */,
				63901C7C26429241004C415C /* Addable.swift */,
				635A377326442A01009F0A3E /* Changeable.swift */,
			);
			path = Protocols;
			sourceTree = "<group>";
		};
		637ED8CF262F26B80060562F = {
			isa = PBXGroup;
			children = (
				637ED8DA262F26B80060562F /* foodie */,
				637ED8D9262F26B80060562F /* Products */,
				61499AEC13C9869945801F37 /* Pods */,
				7891ABC9C70DC923CC735ED2 /* Frameworks */,
			);
			sourceTree = "<group>";
		};
		637ED8D9262F26B80060562F /* Products */ = {
			isa = PBXGroup;
			children = (
				637ED8D8262F26B80060562F /* foodie.app */,
			);
			name = Products;
			sourceTree = "<group>";
		};
		637ED8DA262F26B80060562F /* foodie */ = {
			isa = PBXGroup;
			children = (
				637ED8DB262F26B80060562F /* AppDelegate.swift */,
				637ED8DD262F26B80060562F /* SceneDelegate.swift */,
				637ED8E6262F26B90060562F /* LaunchScreen.storyboard */,
				637ED8E9262F26B90060562F /* Info.plist */,
				E52818FC2636F5E000D935D6 /* LaunchScreenVC.swift */,
				637ED8E4262F26B90060562F /* Assets.xcassets */,
				637ED8E1262F26B80060562F /* Main.storyboard */,
				637ED8F1262F270C0060562F /* LogInViewController.swift */,
				637ED8F4262F27160060562F /* RegisterViewController.swift */,
				E549139826442E360071D2D8 /* TabbarVC.swift */,
				6375E16326403CC600F7967D /* User */,
				6375E16426403CE400F7967D /* Recipes */,
				6375E16526403CE900F7967D /* Favourites */,
				63181ACD264C1239007E189A /* RecipeDetailVC.swift */,
				6375E16626403D2A00F7967D /* Models */,
				6375E16726403D3700F7967D /* Protocols */,
				633AC06A262F4250007632D9 /* GoogleService-Info.plist */,
				6317C0582641757300DA0A9F /* ModelForMyRecipe.xcdatamodeld */,
				E555E7782645315C000C6C54 /* AddRecipeTempVC.swift */,
				639708DE264E50670023432C /* Localizable.strings */,
				639708E0264E53270023432C /* SettingsViewController.swift */,
			);
			path = foodie;
			sourceTree = "<group>";
		};
		7891ABC9C70DC923CC735ED2 /* Frameworks */ = {
			isa = PBXGroup;
			children = (
				C59A774A72161F83D8223F15 /* Pods_foodie.framework */,
			);
			name = Frameworks;
			sourceTree = "<group>";
		};
/* End PBXGroup section */

/* Begin PBXNativeTarget section */
		637ED8D7262F26B80060562F /* foodie */ = {
			isa = PBXNativeTarget;
			buildConfigurationList = 637ED8EC262F26B90060562F /* Build configuration list for PBXNativeTarget "foodie" */;
			buildPhases = (
				0C96340390A5E3082AE3EEC1 /* [CP] Check Pods Manifest.lock */,
				637ED8D4262F26B80060562F /* Sources */,
				637ED8D5262F26B80060562F /* Frameworks */,
				637ED8D6262F26B80060562F /* Resources */,
				AFB1551010B68C6C1BB83D9B /* [CP] Embed Pods Frameworks */,
			);
			buildRules = (
			);
			dependencies = (
			);
			name = foodie;
			productName = foodie;
			productReference = 637ED8D8262F26B80060562F /* foodie.app */;
			productType = "com.apple.product-type.application";
		};
/* End PBXNativeTarget section */

/* Begin PBXProject section */
		637ED8D0262F26B80060562F /* Project object */ = {
			isa = PBXProject;
			attributes = {
				LastSwiftUpdateCheck = 1240;
				LastUpgradeCheck = 1240;
				TargetAttributes = {
					637ED8D7262F26B80060562F = {
						CreatedOnToolsVersion = 12.4;
					};
				};
			};
			buildConfigurationList = 637ED8D3262F26B80060562F /* Build configuration list for PBXProject "foodie" */;
			compatibilityVersion = "Xcode 9.3";
			developmentRegion = en;
			hasScannedForEncodings = 0;
			knownRegions = (
				en,
				Base,
				kk,
			);
			mainGroup = 637ED8CF262F26B80060562F;
			productRefGroup = 637ED8D9262F26B80060562F /* Products */;
			projectDirPath = "";
			projectRoot = "";
			targets = (
				637ED8D7262F26B80060562F /* foodie */,
			);
		};
/* End PBXProject section */

/* Begin PBXResourcesBuildPhase section */
		637ED8D6262F26B80060562F /* Resources */ = {
			isa = PBXResourcesBuildPhase;
			buildActionMask = 2147483647;
			files = (
				639708DC264E50670023432C /* Localizable.strings in Resources */,
				637ED8E8262F26B90060562F /* LaunchScreen.storyboard in Resources */,
				633AC06B262F4250007632D9 /* GoogleService-Info.plist in Resources */,
				637ED8E5262F26B90060562F /* Assets.xcassets in Resources */,
				637ED8E3262F26B80060562F /* Main.storyboard in Resources */,
			);
			runOnlyForDeploymentPostprocessing = 0;
		};
/* End PBXResourcesBuildPhase section */

/* Begin PBXShellScriptBuildPhase section */
		0C96340390A5E3082AE3EEC1 /* [CP] Check Pods Manifest.lock */ = {
			isa = PBXShellScriptBuildPhase;
			buildActionMask = 2147483647;
			files = (
			);
			inputFileListPaths = (
			);
			inputPaths = (
				"${PODS_PODFILE_DIR_PATH}/Podfile.lock",
				"${PODS_ROOT}/Manifest.lock",
			);
			name = "[CP] Check Pods Manifest.lock";
			outputFileListPaths = (
			);
			outputPaths = (
				"$(DERIVED_FILE_DIR)/Pods-foodie-checkManifestLockResult.txt",
			);
			runOnlyForDeploymentPostprocessing = 0;
			shellPath = /bin/sh;
			shellScript = "diff \"${PODS_PODFILE_DIR_PATH}/Podfile.lock\" \"${PODS_ROOT}/Manifest.lock\" > /dev/null\nif [ $? != 0 ] ; then\n    # print error to STDERR\n    echo \"error: The sandbox is not in sync with the Podfile.lock. Run 'pod install' or update your CocoaPods installation.\" >&2\n    exit 1\nfi\n# This output is used by Xcode 'outputs' to avoid re-running this script phase.\necho \"SUCCESS\" > \"${SCRIPT_OUTPUT_FILE_0}\"\n";
			showEnvVarsInLog = 0;
		};
		AFB1551010B68C6C1BB83D9B /* [CP] Embed Pods Frameworks */ = {
			isa = PBXShellScriptBuildPhase;
			buildActionMask = 2147483647;
			files = (
			);
			inputFileListPaths = (
				"${PODS_ROOT}/Target Support Files/Pods-foodie/Pods-foodie-frameworks-${CONFIGURATION}-input-files.xcfilelist",
			);
			name = "[CP] Embed Pods Frameworks";
			outputFileListPaths = (
				"${PODS_ROOT}/Target Support Files/Pods-foodie/Pods-foodie-frameworks-${CONFIGURATION}-output-files.xcfilelist",
			);
			runOnlyForDeploymentPostprocessing = 0;
			shellPath = /bin/sh;
			shellScript = "\"${PODS_ROOT}/Target Support Files/Pods-foodie/Pods-foodie-frameworks.sh\"\n";
			showEnvVarsInLog = 0;
		};
/* End PBXShellScriptBuildPhase section */

/* Begin PBXSourcesBuildPhase section */
		637ED8D4262F26B80060562F /* Sources */ = {
			isa = PBXSourcesBuildPhase;
			buildActionMask = 2147483647;
			files = (
				637ED8DC262F26B80060562F /* AppDelegate.swift in Sources */,
				63181ACE264C1239007E189A /* RecipeDetailVC.swift in Sources */,
				E5B4FB582632B554008E55A5 /* ProfileRecipeCell.swift in Sources */,
				E52818FD2636F5E000D935D6 /* LaunchScreenVC.swift in Sources */,
				63FB258E262F5D5A00366C9E /* RecipesViewController.swift in Sources */,
				6375E171264048C500F7967D /* DetailRecipeViewController.swift in Sources */,
				E5217D712641175A006E32DA /* AddRecipeVC.swift in Sources */,
				637ED8DE262F26B80060562F /* SceneDelegate.swift in Sources */,
				63FB2588262F5D2700366C9E /* UserInfoViewController.swift in Sources */,
				635A377426442A01009F0A3E /* Changeable.swift in Sources */,
				E52A463C263ADBF5004F0B49 /* Editable.swift in Sources */,
				637ED8F2262F270C0060562F /* LogInViewController.swift in Sources */,
				63FB258B262F5D4C00366C9E /* FavoritesViewController.swift in Sources */,
				6317C05A2641757300DA0A9F /* ModelForMyRecipe.xcdatamodeld in Sources */,
				6375E17426404E6400F7967D /* EditRecipeVC.swift in Sources */,
				639708E1264E53270023432C /* SettingsViewController.swift in Sources */,
				63BC29212646ABD300878D69 /* RecipesCustomCell.swift in Sources */,
				E549139926442E360071D2D8 /* TabbarVC.swift in Sources */,
				637ED8F5262F27160060562F /* RegisterViewController.swift in Sources */,
				E555E7792645315C000C6C54 /* AddRecipeTempVC.swift in Sources */,
				63901C7D26429241004C415C /* Addable.swift in Sources */,
				63C154272631BCF900FEE90D /* Recipe.swift in Sources */,
				E52A463F263ADC45004F0B49 /* EditProfileVC.swift in Sources */,
			);
			runOnlyForDeploymentPostprocessing = 0;
		};
/* End PBXSourcesBuildPhase section */

/* Begin PBXVariantGroup section */
		637ED8E1262F26B80060562F /* Main.storyboard */ = {
			isa = PBXVariantGroup;
			children = (
				637ED8E2262F26B80060562F /* Base */,
			);
			name = Main.storyboard;
			sourceTree = "<group>";
		};
		637ED8E6262F26B90060562F /* LaunchScreen.storyboard */ = {
			isa = PBXVariantGroup;
			children = (
				637ED8E7262F26B90060562F /* Base */,
			);
			name = LaunchScreen.storyboard;
			sourceTree = "<group>";
		};
		639708DE264E50670023432C /* Localizable.strings */ = {
			isa = PBXVariantGroup;
			children = (
				639708DD264E50670023432C /* en */,
				639708DF264E518E0023432C /* kk */,
			);
			name = Localizable.strings;
			sourceTree = "<group>";
		};
/* End PBXVariantGroup section */

/* Begin XCBuildConfiguration section */
		637ED8EA262F26B90060562F /* Debug */ = {
			isa = XCBuildConfiguration;
			buildSettings = {
				ALWAYS_SEARCH_USER_PATHS = NO;
				CLANG_ANALYZER_LOCALIZABILITY_NONLOCALIZED = YES;
				CLANG_ANALYZER_NONNULL = YES;
				CLANG_ANALYZER_NUMBER_OBJECT_CONVERSION = YES_AGGRESSIVE;
				CLANG_CXX_LANGUAGE_STANDARD = "gnu++14";
				CLANG_CXX_LIBRARY = "libc++";
				CLANG_ENABLE_MODULES = YES;
				CLANG_ENABLE_OBJC_ARC = YES;
				CLANG_ENABLE_OBJC_WEAK = YES;
				CLANG_WARN_BLOCK_CAPTURE_AUTORELEASING = YES;
				CLANG_WARN_BOOL_CONVERSION = YES;
				CLANG_WARN_COMMA = YES;
				CLANG_WARN_CONSTANT_CONVERSION = YES;
				CLANG_WARN_DEPRECATED_OBJC_IMPLEMENTATIONS = YES;
				CLANG_WARN_DIRECT_OBJC_ISA_USAGE = YES_ERROR;
				CLANG_WARN_DOCUMENTATION_COMMENTS = YES;
				CLANG_WARN_EMPTY_BODY = YES;
				CLANG_WARN_ENUM_CONVERSION = YES;
				CLANG_WARN_INFINITE_RECURSION = YES;
				CLANG_WARN_INT_CONVERSION = YES;
				CLANG_WARN_NON_LITERAL_NULL_CONVERSION = YES;
				CLANG_WARN_OBJC_IMPLICIT_RETAIN_SELF = YES;
				CLANG_WARN_OBJC_LITERAL_CONVERSION = YES;
				CLANG_WARN_OBJC_ROOT_CLASS = YES_ERROR;
				CLANG_WARN_QUOTED_INCLUDE_IN_FRAMEWORK_HEADER = YES;
				CLANG_WARN_RANGE_LOOP_ANALYSIS = YES;
				CLANG_WARN_STRICT_PROTOTYPES = YES;
				CLANG_WARN_SUSPICIOUS_MOVE = YES;
				CLANG_WARN_UNGUARDED_AVAILABILITY = YES_AGGRESSIVE;
				CLANG_WARN_UNREACHABLE_CODE = YES;
				CLANG_WARN__DUPLICATE_METHOD_MATCH = YES;
				COPY_PHASE_STRIP = NO;
				DEBUG_INFORMATION_FORMAT = dwarf;
				ENABLE_STRICT_OBJC_MSGSEND = YES;
				ENABLE_TESTABILITY = YES;
				GCC_C_LANGUAGE_STANDARD = gnu11;
				GCC_DYNAMIC_NO_PIC = NO;
				GCC_NO_COMMON_BLOCKS = YES;
				GCC_OPTIMIZATION_LEVEL = 0;
				GCC_PREPROCESSOR_DEFINITIONS = (
					"DEBUG=1",
					"$(inherited)",
				);
				GCC_WARN_64_TO_32_BIT_CONVERSION = YES;
				GCC_WARN_ABOUT_RETURN_TYPE = YES_ERROR;
				GCC_WARN_UNDECLARED_SELECTOR = YES;
				GCC_WARN_UNINITIALIZED_AUTOS = YES_AGGRESSIVE;
				GCC_WARN_UNUSED_FUNCTION = YES;
				GCC_WARN_UNUSED_VARIABLE = YES;
				IPHONEOS_DEPLOYMENT_TARGET = 14.4;
				MTL_ENABLE_DEBUG_INFO = INCLUDE_SOURCE;
				MTL_FAST_MATH = YES;
				ONLY_ACTIVE_ARCH = YES;
				SDKROOT = iphoneos;
				SWIFT_ACTIVE_COMPILATION_CONDITIONS = DEBUG;
				SWIFT_OPTIMIZATION_LEVEL = "-Onone";
			};
			name = Debug;
		};
		637ED8EB262F26B90060562F /* Release */ = {
			isa = XCBuildConfiguration;
			buildSettings = {
				ALWAYS_SEARCH_USER_PATHS = NO;
				CLANG_ANALYZER_LOCALIZABILITY_NONLOCALIZED = YES;
				CLANG_ANALYZER_NONNULL = YES;
				CLANG_ANALYZER_NUMBER_OBJECT_CONVERSION = YES_AGGRESSIVE;
				CLANG_CXX_LANGUAGE_STANDARD = "gnu++14";
				CLANG_CXX_LIBRARY = "libc++";
				CLANG_ENABLE_MODULES = YES;
				CLANG_ENABLE_OBJC_ARC = YES;
				CLANG_ENABLE_OBJC_WEAK = YES;
				CLANG_WARN_BLOCK_CAPTURE_AUTORELEASING = YES;
				CLANG_WARN_BOOL_CONVERSION = YES;
				CLANG_WARN_COMMA = YES;
				CLANG_WARN_CONSTANT_CONVERSION = YES;
				CLANG_WARN_DEPRECATED_OBJC_IMPLEMENTATIONS = YES;
				CLANG_WARN_DIRECT_OBJC_ISA_USAGE = YES_ERROR;
				CLANG_WARN_DOCUMENTATION_COMMENTS = YES;
				CLANG_WARN_EMPTY_BODY = YES;
				CLANG_WARN_ENUM_CONVERSION = YES;
				CLANG_WARN_INFINITE_RECURSION = YES;
				CLANG_WARN_INT_CONVERSION = YES;
				CLANG_WARN_NON_LITERAL_NULL_CONVERSION = YES;
				CLANG_WARN_OBJC_IMPLICIT_RETAIN_SELF = YES;
				CLANG_WARN_OBJC_LITERAL_CONVERSION = YES;
				CLANG_WARN_OBJC_ROOT_CLASS = YES_ERROR;
				CLANG_WARN_QUOTED_INCLUDE_IN_FRAMEWORK_HEADER = YES;
				CLANG_WARN_RANGE_LOOP_ANALYSIS = YES;
				CLANG_WARN_STRICT_PROTOTYPES = YES;
				CLANG_WARN_SUSPICIOUS_MOVE = YES;
				CLANG_WARN_UNGUARDED_AVAILABILITY = YES_AGGRESSIVE;
				CLANG_WARN_UNREACHABLE_CODE = YES;
				CLANG_WARN__DUPLICATE_METHOD_MATCH = YES;
				COPY_PHASE_STRIP = NO;
				DEBUG_INFORMATION_FORMAT = "dwarf-with-dsym";
				ENABLE_NS_ASSERTIONS = NO;
				ENABLE_STRICT_OBJC_MSGSEND = YES;
				GCC_C_LANGUAGE_STANDARD = gnu11;
				GCC_NO_COMMON_BLOCKS = YES;
				GCC_WARN_64_TO_32_BIT_CONVERSION = YES;
				GCC_WARN_ABOUT_RETURN_TYPE = YES_ERROR;
				GCC_WARN_UNDECLARED_SELECTOR = YES;
				GCC_WARN_UNINITIALIZED_AUTOS = YES_AGGRESSIVE;
				GCC_WARN_UNUSED_FUNCTION = YES;
				GCC_WARN_UNUSED_VARIABLE = YES;
				IPHONEOS_DEPLOYMENT_TARGET = 14.4;
				MTL_ENABLE_DEBUG_INFO = NO;
				MTL_FAST_MATH = YES;
				SDKROOT = iphoneos;
				SWIFT_COMPILATION_MODE = wholemodule;
				SWIFT_OPTIMIZATION_LEVEL = "-O";
				VALIDATE_PRODUCT = YES;
			};
			name = Release;
		};
		637ED8ED262F26B90060562F /* Debug */ = {
			isa = XCBuildConfiguration;
			baseConfigurationReference = FB0CAA0CE66875721BF8C2A9 /* Pods-foodie.debug.xcconfig */;
			buildSettings = {
				ASSETCATALOG_COMPILER_APPICON_NAME = AppIcon;
				ASSETCATALOG_COMPILER_GLOBAL_ACCENT_COLOR_NAME = AccentColor;
				CODE_SIGN_STYLE = Automatic;
				DEVELOPMENT_TEAM = H6W5NHXUZT;
				INFOPLIST_FILE = foodie/Info.plist;
				LD_RUNPATH_SEARCH_PATHS = (
					"$(inherited)",
					"@executable_path/Frameworks",
				);
				PRODUCT_BUNDLE_IDENTIFIER = kbtu.foodie;
				PRODUCT_NAME = "$(TARGET_NAME)";
				SWIFT_VERSION = 5.0;
				TARGETED_DEVICE_FAMILY = "1,2";
			};
			name = Debug;
		};
		637ED8EE262F26B90060562F /* Release */ = {
			isa = XCBuildConfiguration;
			baseConfigurationReference = B679B1CFBAD07D063428B534 /* Pods-foodie.release.xcconfig */;
			buildSettings = {
				ASSETCATALOG_COMPILER_APPICON_NAME = AppIcon;
				ASSETCATALOG_COMPILER_GLOBAL_ACCENT_COLOR_NAME = AccentColor;
				CODE_SIGN_STYLE = Automatic;
				DEVELOPMENT_TEAM = H6W5NHXUZT;
				INFOPLIST_FILE = foodie/Info.plist;
				LD_RUNPATH_SEARCH_PATHS = (
					"$(inherited)",
					"@executable_path/Frameworks",
				);
				PRODUCT_BUNDLE_IDENTIFIER = kbtu.foodie;
				PRODUCT_NAME = "$(TARGET_NAME)";
				SWIFT_VERSION = 5.0;
				TARGETED_DEVICE_FAMILY = "1,2";
			};
			name = Release;
		};
/* End XCBuildConfiguration section */

/* Begin XCConfigurationList section */
		637ED8D3262F26B80060562F /* Build configuration list for PBXProject "foodie" */ = {
			isa = XCConfigurationList;
			buildConfigurations = (
				637ED8EA262F26B90060562F /* Debug */,
				637ED8EB262F26B90060562F /* Release */,
			);
			defaultConfigurationIsVisible = 0;
			defaultConfigurationName = Release;
		};
		637ED8EC262F26B90060562F /* Build configuration list for PBXNativeTarget "foodie" */ = {
			isa = XCConfigurationList;
			buildConfigurations = (
				637ED8ED262F26B90060562F /* Debug */,
				637ED8EE262F26B90060562F /* Release */,
			);
			defaultConfigurationIsVisible = 0;
			defaultConfigurationName = Release;
		};
/* End XCConfigurationList section */

/* Begin XCVersionGroup section */
		6317C0582641757300DA0A9F /* ModelForMyRecipe.xcdatamodeld */ = {
			isa = XCVersionGroup;
			children = (
				6317C0592641757300DA0A9F /* ModelForMyRecipe.xcdatamodel */,
			);
			currentVersion = 6317C0592641757300DA0A9F /* ModelForMyRecipe.xcdatamodel */;
			path = ModelForMyRecipe.xcdatamodeld;
			sourceTree = "<group>";
			versionGroupType = wrapper.xcdatamodel;
		};
/* End XCVersionGroup section */
	};
	rootObject = 637ED8D0262F26B80060562F /* Project object */;
}
